// !$*UTF8*$!
{
	archiveVersion = 1;
	classes = {
	};
	objectVersion = 46;
	objects = {

/* Begin PBXBuildFile section */
		840A84DF1FD42F440008DF0C /* XmlBaseViewController.m in Sources */ = {isa = PBXBuildFile; fileRef = 840A84DE1FD42F440008DF0C /* XmlBaseViewController.m */; };
		840A84E21FD4382D0008DF0C /* plistBaseViewController.m in Sources */ = {isa = PBXBuildFile; fileRef = 840A84E11FD4382D0008DF0C /* plistBaseViewController.m */; };
		840A84E51FD4495D0008DF0C /* arichViewController.m in Sources */ = {isa = PBXBuildFile; fileRef = 840A84E41FD4495D0008DF0C /* arichViewController.m */; };
		840A84EB1FD44EE00008DF0C /* Teacher.m in Sources */ = {isa = PBXBuildFile; fileRef = 840A84EA1FD44EE00008DF0C /* Teacher.m */; };
		843E499E1FFB6021001C5FFF /* AXFoodInfo.m in Sources */ = {isa = PBXBuildFile; fileRef = 843E499D1FFB6021001C5FFF /* AXFoodInfo.m */; };
		843E49A11FFB6648001C5FFF /* AXFoodInfoVC.m in Sources */ = {isa = PBXBuildFile; fileRef = 843E49A01FFB6648001C5FFF /* AXFoodInfoVC.m */; };
		843E49AB1FFB76DB001C5FFF /* foodsCell.m in Sources */ = {isa = PBXBuildFile; fileRef = 843E49A91FFB76DB001C5FFF /* foodsCell.m */; };
		843E49AC1FFB76DB001C5FFF /* foodsCell.xib in Resources */ = {isa = PBXBuildFile; fileRef = 843E49AA1FFB76DB001C5FFF /* foodsCell.xib */; };
		843E49AF1FFB7841001C5FFF /* foodsTableViewController.m in Sources */ = {isa = PBXBuildFile; fileRef = 843E49AE1FFB7841001C5FFF /* foodsTableViewController.m */; };
		8497B0321FDE6F87003F27DA /* NSURL+AXUrl.m in Sources */ = {isa = PBXBuildFile; fileRef = 8497B0311FDE6F87003F27DA /* NSURL+AXUrl.m */; };
		8497B0351FDE6FCA003F27DA /* RuntimerViewController.m in Sources */ = {isa = PBXBuildFile; fileRef = 8497B0341FDE6FCA003F27DA /* RuntimerViewController.m */; };
		84AD4A791FDC192100A463CB /* NSRunLoopViewController.m in Sources */ = {isa = PBXBuildFile; fileRef = 84AD4A771FDC192100A463CB /* NSRunLoopViewController.m */; };
		84AD4A7A1FDC192100A463CB /* NSRunLoopViewController.xib in Resources */ = {isa = PBXBuildFile; fileRef = 84AD4A781FDC192100A463CB /* NSRunLoopViewController.xib */; };
		84C2125F1FDF8A4C002274A5 /* workers.m in Sources */ = {isa = PBXBuildFile; fileRef = 84C2125E1FDF8A4C002274A5 /* workers.m */; };
		84C212621FDF9AA4002274A5 /* NotificationViewController.m in Sources */ = {isa = PBXBuildFile; fileRef = 84C212611FDF9AA4002274A5 /* NotificationViewController.m */; };
		84C212661FDF9DAD002274A5 /* KVCViewController.m in Sources */ = {isa = PBXBuildFile; fileRef = 84C212651FDF9DAD002274A5 /* KVCViewController.m */; };
		84C212691FDF9DD4002274A5 /* person.m in Sources */ = {isa = PBXBuildFile; fileRef = 84C212681FDF9DD4002274A5 /* person.m */; };
		84C2126D1FDFA1C9002274A5 /* KVOViewController.m in Sources */ = {isa = PBXBuildFile; fileRef = 84C2126C1FDFA1C9002274A5 /* KVOViewController.m */; };
		84C212701FDFA68A002274A5 /* Persons.m in Sources */ = {isa = PBXBuildFile; fileRef = 84C2126F1FDFA68A002274A5 /* Persons.m */; };
		84C212741FDFA957002274A5 /* BlockViewController.m in Sources */ = {isa = PBXBuildFile; fileRef = 84C212731FDFA957002274A5 /* BlockViewController.m */; };
		84C2DE741FEFF0D800570024 /* PageViewController.m in Sources */ = {isa = PBXBuildFile; fileRef = 84C2DE731FEFF0D800570024 /* PageViewController.m */; };
		84C2DE771FEFF0F300570024 /* pageView.m in Sources */ = {isa = PBXBuildFile; fileRef = 84C2DE761FEFF0F300570024 /* pageView.m */; };
		84C2DE791FEFF24000570024 /* pageView.xib in Resources */ = {isa = PBXBuildFile; fileRef = 84C2DE781FEFF24000570024 /* pageView.xib */; };
		84E632431FE0198600770BD2 /* BottomViewController.m in Sources */ = {isa = PBXBuildFile; fileRef = 84E632421FE0198600770BD2 /* BottomViewController.m */; };
		C9012CA91FAF55E90020DAD9 /* uploadViewController.m in Sources */ = {isa = PBXBuildFile; fileRef = C9012CA81FAF55E90020DAD9 /* uploadViewController.m */; };
		C928C65E1F8E6631006A9D07 /* URLSessionViewController.m in Sources */ = {isa = PBXBuildFile; fileRef = C928C65D1F8E6631006A9D07 /* URLSessionViewController.m */; };
		C9764A3E1F5C589B00C5B386 /* main.m in Sources */ = {isa = PBXBuildFile; fileRef = C9764A3D1F5C589B00C5B386 /* main.m */; };
		C9764A411F5C589B00C5B386 /* AppDelegate.m in Sources */ = {isa = PBXBuildFile; fileRef = C9764A401F5C589B00C5B386 /* AppDelegate.m */; };
		C9764A441F5C589B00C5B386 /* ViewController.m in Sources */ = {isa = PBXBuildFile; fileRef = C9764A431F5C589B00C5B386 /* ViewController.m */; };
		C9764A471F5C589C00C5B386 /* Main.storyboard in Resources */ = {isa = PBXBuildFile; fileRef = C9764A451F5C589C00C5B386 /* Main.storyboard */; };
		C9764A491F5C589C00C5B386 /* Assets.xcassets in Resources */ = {isa = PBXBuildFile; fileRef = C9764A481F5C589C00C5B386 /* Assets.xcassets */; };
		C9764A4C1F5C589C00C5B386 /* LaunchScreen.storyboard in Resources */ = {isa = PBXBuildFile; fileRef = C9764A4A1F5C589C00C5B386 /* LaunchScreen.storyboard */; };
		C9764A571F5C589C00C5B386 /* PowrTests.m in Sources */ = {isa = PBXBuildFile; fileRef = C9764A561F5C589C00C5B386 /* PowrTests.m */; };
		C9764A621F5C589C00C5B386 /* PowrUITests.m in Sources */ = {isa = PBXBuildFile; fileRef = C9764A611F5C589C00C5B386 /* PowrUITests.m */; };
		C97A6D2A1F63ED8300ECE8A2 /* jsonViewController.m in Sources */ = {isa = PBXBuildFile; fileRef = C97A6D291F63ED8300ECE8A2 /* jsonViewController.m */; };
		C97A6D2D1F63EDB000ECE8A2 /* xmlViewController.m in Sources */ = {isa = PBXBuildFile; fileRef = C97A6D2C1F63EDB000ECE8A2 /* xmlViewController.m */; };
		C9CCE6941FA219D5007862F2 /* ConnectionViewController.m in Sources */ = {isa = PBXBuildFile; fileRef = C9CCE6931FA219D5007862F2 /* ConnectionViewController.m */; };
		C9CCE6971FA22596007862F2 /* AnDownloader.m in Sources */ = {isa = PBXBuildFile; fileRef = C9CCE6961FA22596007862F2 /* AnDownloader.m */; };
		C9CCE69A1FA61135007862F2 /* AXDownloadManager.m in Sources */ = {isa = PBXBuildFile; fileRef = C9CCE6991FA61135007862F2 /* AXDownloadManager.m */; };
		C9CCE69F1FA8B321007862F2 /* HttpsViewController.m in Sources */ = {isa = PBXBuildFile; fileRef = C9CCE69E1FA8B321007862F2 /* HttpsViewController.m */; };
		C9D225A11F876FC700BEA7B9 /* loginViewController.m in Sources */ = {isa = PBXBuildFile; fileRef = C9D225A01F876FC700BEA7B9 /* loginViewController.m */; };
/* End PBXBuildFile section */

/* Begin PBXContainerItemProxy section */
		C9764A531F5C589C00C5B386 /* PBXContainerItemProxy */ = {
			isa = PBXContainerItemProxy;
			containerPortal = C9764A311F5C589B00C5B386 /* Project object */;
			proxyType = 1;
			remoteGlobalIDString = C9764A381F5C589B00C5B386;
			remoteInfo = Powr;
		};
		C9764A5E1F5C589C00C5B386 /* PBXContainerItemProxy */ = {
			isa = PBXContainerItemProxy;
			containerPortal = C9764A311F5C589B00C5B386 /* Project object */;
			proxyType = 1;
			remoteGlobalIDString = C9764A381F5C589B00C5B386;
			remoteInfo = Powr;
		};
/* End PBXContainerItemProxy section */

/* Begin PBXFileReference section */
		840A84DD1FD42F440008DF0C /* XmlBaseViewController.h */ = {isa = PBXFileReference; lastKnownFileType = sourcecode.c.h; path = XmlBaseViewController.h; sourceTree = "<group>"; };
		840A84DE1FD42F440008DF0C /* XmlBaseViewController.m */ = {isa = PBXFileReference; lastKnownFileType = sourcecode.c.objc; path = XmlBaseViewController.m; sourceTree = "<group>"; };
		840A84E01FD4382D0008DF0C /* plistBaseViewController.h */ = {isa = PBXFileReference; lastKnownFileType = sourcecode.c.h; path = plistBaseViewController.h; sourceTree = "<group>"; };
		840A84E11FD4382D0008DF0C /* plistBaseViewController.m */ = {isa = PBXFileReference; lastKnownFileType = sourcecode.c.objc; path = plistBaseViewController.m; sourceTree = "<group>"; };
		840A84E31FD4495D0008DF0C /* arichViewController.h */ = {isa = PBXFileReference; lastKnownFileType = sourcecode.c.h; path = arichViewController.h; sourceTree = "<group>"; };
		840A84E41FD4495D0008DF0C /* arichViewController.m */ = {isa = PBXFileReference; lastKnownFileType = sourcecode.c.objc; path = arichViewController.m; sourceTree = "<group>"; };
		840A84E91FD44EE00008DF0C /* Teacher.h */ = {isa = PBXFileReference; lastKnownFileType = sourcecode.c.h; path = Teacher.h; sourceTree = "<group>"; };
		840A84EA1FD44EE00008DF0C /* Teacher.m */ = {isa = PBXFileReference; lastKnownFileType = sourcecode.c.objc; path = Teacher.m; sourceTree = "<group>"; };
		843E499C1FFB6021001C5FFF /* AXFoodInfo.h */ = {isa = PBXFileReference; lastKnownFileType = sourcecode.c.h; path = AXFoodInfo.h; sourceTree = "<group>"; };
		843E499D1FFB6021001C5FFF /* AXFoodInfo.m */ = {isa = PBXFileReference; lastKnownFileType = sourcecode.c.objc; path = AXFoodInfo.m; sourceTree = "<group>"; };
		843E499F1FFB6648001C5FFF /* AXFoodInfoVC.h */ = {isa = PBXFileReference; lastKnownFileType = sourcecode.c.h; path = AXFoodInfoVC.h; sourceTree = "<group>"; };
		843E49A01FFB6648001C5FFF /* AXFoodInfoVC.m */ = {isa = PBXFileReference; lastKnownFileType = sourcecode.c.objc; path = AXFoodInfoVC.m; sourceTree = "<group>"; };
		843E49A81FFB76DB001C5FFF /* foodsCell.h */ = {isa = PBXFileReference; lastKnownFileType = sourcecode.c.h; path = foodsCell.h; sourceTree = "<group>"; };
		843E49A91FFB76DB001C5FFF /* foodsCell.m */ = {isa = PBXFileReference; lastKnownFileType = sourcecode.c.objc; path = foodsCell.m; sourceTree = "<group>"; };
		843E49AA1FFB76DB001C5FFF /* foodsCell.xib */ = {isa = PBXFileReference; lastKnownFileType = file.xib; path = foodsCell.xib; sourceTree = "<group>"; };
		843E49AD1FFB7841001C5FFF /* foodsTableViewController.h */ = {isa = PBXFileReference; lastKnownFileType = sourcecode.c.h; path = foodsTableViewController.h; sourceTree = "<group>"; };
		843E49AE1FFB7841001C5FFF /* foodsTableViewController.m */ = {isa = PBXFileReference; lastKnownFileType = sourcecode.c.objc; path = foodsTableViewController.m; sourceTree = "<group>"; };
		8497B0301FDE6F87003F27DA /* NSURL+AXUrl.h */ = {isa = PBXFileReference; lastKnownFileType = sourcecode.c.h; path = "NSURL+AXUrl.h"; sourceTree = "<group>"; };
		8497B0311FDE6F87003F27DA /* NSURL+AXUrl.m */ = {isa = PBXFileReference; lastKnownFileType = sourcecode.c.objc; path = "NSURL+AXUrl.m"; sourceTree = "<group>"; };
		8497B0331FDE6FCA003F27DA /* RuntimerViewController.h */ = {isa = PBXFileReference; lastKnownFileType = sourcecode.c.h; path = RuntimerViewController.h; sourceTree = "<group>"; };
		8497B0341FDE6FCA003F27DA /* RuntimerViewController.m */ = {isa = PBXFileReference; lastKnownFileType = sourcecode.c.objc; path = RuntimerViewController.m; sourceTree = "<group>"; };
		84AD4A761FDC192100A463CB /* NSRunLoopViewController.h */ = {isa = PBXFileReference; lastKnownFileType = sourcecode.c.h; path = NSRunLoopViewController.h; sourceTree = "<group>"; };
		84AD4A771FDC192100A463CB /* NSRunLoopViewController.m */ = {isa = PBXFileReference; lastKnownFileType = sourcecode.c.objc; path = NSRunLoopViewController.m; sourceTree = "<group>"; };
		84AD4A781FDC192100A463CB /* NSRunLoopViewController.xib */ = {isa = PBXFileReference; lastKnownFileType = file.xib; path = NSRunLoopViewController.xib; sourceTree = "<group>"; };
		84C2125D1FDF8A4C002274A5 /* workers.h */ = {isa = PBXFileReference; lastKnownFileType = sourcecode.c.h; path = workers.h; sourceTree = "<group>"; };
		84C2125E1FDF8A4C002274A5 /* workers.m */ = {isa = PBXFileReference; lastKnownFileType = sourcecode.c.objc; path = workers.m; sourceTree = "<group>"; };
		84C212601FDF9AA4002274A5 /* NotificationViewController.h */ = {isa = PBXFileReference; lastKnownFileType = sourcecode.c.h; path = NotificationViewController.h; sourceTree = "<group>"; };
		84C212611FDF9AA4002274A5 /* NotificationViewController.m */ = {isa = PBXFileReference; lastKnownFileType = sourcecode.c.objc; path = NotificationViewController.m; sourceTree = "<group>"; };
		84C212641FDF9DAD002274A5 /* KVCViewController.h */ = {isa = PBXFileReference; lastKnownFileType = sourcecode.c.h; path = KVCViewController.h; sourceTree = "<group>"; };
		84C212651FDF9DAD002274A5 /* KVCViewController.m */ = {isa = PBXFileReference; lastKnownFileType = sourcecode.c.objc; path = KVCViewController.m; sourceTree = "<group>"; };
		84C212671FDF9DD4002274A5 /* person.h */ = {isa = PBXFileReference; lastKnownFileType = sourcecode.c.h; path = person.h; sourceTree = "<group>"; };
		84C212681FDF9DD4002274A5 /* person.m */ = {isa = PBXFileReference; lastKnownFileType = sourcecode.c.objc; path = person.m; sourceTree = "<group>"; };
		84C2126B1FDFA1C9002274A5 /* KVOViewController.h */ = {isa = PBXFileReference; lastKnownFileType = sourcecode.c.h; path = KVOViewController.h; sourceTree = "<group>"; };
		84C2126C1FDFA1C9002274A5 /* KVOViewController.m */ = {isa = PBXFileReference; lastKnownFileType = sourcecode.c.objc; path = KVOViewController.m; sourceTree = "<group>"; };
		84C2126E1FDFA68A002274A5 /* Persons.h */ = {isa = PBXFileReference; lastKnownFileType = sourcecode.c.h; path = Persons.h; sourceTree = "<group>"; };
		84C2126F1FDFA68A002274A5 /* Persons.m */ = {isa = PBXFileReference; lastKnownFileType = sourcecode.c.objc; path = Persons.m; sourceTree = "<group>"; };
		84C212721FDFA957002274A5 /* BlockViewController.h */ = {isa = PBXFileReference; lastKnownFileType = sourcecode.c.h; path = BlockViewController.h; sourceTree = "<group>"; };
		84C212731FDFA957002274A5 /* BlockViewController.m */ = {isa = PBXFileReference; lastKnownFileType = sourcecode.c.objc; path = BlockViewController.m; sourceTree = "<group>"; };
		84C2DE721FEFF0D800570024 /* PageViewController.h */ = {isa = PBXFileReference; lastKnownFileType = sourcecode.c.h; path = PageViewController.h; sourceTree = "<group>"; };
		84C2DE731FEFF0D800570024 /* PageViewController.m */ = {isa = PBXFileReference; lastKnownFileType = sourcecode.c.objc; path = PageViewController.m; sourceTree = "<group>"; };
		84C2DE751FEFF0F300570024 /* pageView.h */ = {isa = PBXFileReference; lastKnownFileType = sourcecode.c.h; path = pageView.h; sourceTree = "<group>"; };
		84C2DE761FEFF0F300570024 /* pageView.m */ = {isa = PBXFileReference; lastKnownFileType = sourcecode.c.objc; path = pageView.m; sourceTree = "<group>"; };
		84C2DE781FEFF24000570024 /* pageView.xib */ = {isa = PBXFileReference; lastKnownFileType = file.xib; path = pageView.xib; sourceTree = "<group>"; };
		84E632411FE0198600770BD2 /* BottomViewController.h */ = {isa = PBXFileReference; lastKnownFileType = sourcecode.c.h; path = BottomViewController.h; sourceTree = "<group>"; };
		84E632421FE0198600770BD2 /* BottomViewController.m */ = {isa = PBXFileReference; lastKnownFileType = sourcecode.c.objc; path = BottomViewController.m; sourceTree = "<group>"; };
		C9012CA71FAF55E90020DAD9 /* uploadViewController.h */ = {isa = PBXFileReference; fileEncoding = 4; lastKnownFileType = sourcecode.c.h; path = uploadViewController.h; sourceTree = "<group>"; };
		C9012CA81FAF55E90020DAD9 /* uploadViewController.m */ = {isa = PBXFileReference; fileEncoding = 4; lastKnownFileType = sourcecode.c.objc; path = uploadViewController.m; sourceTree = "<group>"; };
		C928C65C1F8E6631006A9D07 /* URLSessionViewController.h */ = {isa = PBXFileReference; fileEncoding = 4; lastKnownFileType = sourcecode.c.h; path = URLSessionViewController.h; sourceTree = "<group>"; };
		C928C65D1F8E6631006A9D07 /* URLSessionViewController.m */ = {isa = PBXFileReference; fileEncoding = 4; lastKnownFileType = sourcecode.c.objc; path = URLSessionViewController.m; sourceTree = "<group>"; };
		C9764A391F5C589B00C5B386 /* Powr.app */ = {isa = PBXFileReference; explicitFileType = wrapper.application; includeInIndex = 0; path = Powr.app; sourceTree = BUILT_PRODUCTS_DIR; };
		C9764A3D1F5C589B00C5B386 /* main.m */ = {isa = PBXFileReference; lastKnownFileType = sourcecode.c.objc; path = main.m; sourceTree = "<group>"; };
		C9764A3F1F5C589B00C5B386 /* AppDelegate.h */ = {isa = PBXFileReference; lastKnownFileType = sourcecode.c.h; path = AppDelegate.h; sourceTree = "<group>"; };
		C9764A401F5C589B00C5B386 /* AppDelegate.m */ = {isa = PBXFileReference; lastKnownFileType = sourcecode.c.objc; path = AppDelegate.m; sourceTree = "<group>"; };
		C9764A421F5C589B00C5B386 /* ViewController.h */ = {isa = PBXFileReference; lastKnownFileType = sourcecode.c.h; path = ViewController.h; sourceTree = "<group>"; };
		C9764A431F5C589B00C5B386 /* ViewController.m */ = {isa = PBXFileReference; lastKnownFileType = sourcecode.c.objc; path = ViewController.m; sourceTree = "<group>"; };
		C9764A461F5C589C00C5B386 /* Base */ = {isa = PBXFileReference; lastKnownFileType = file.storyboard; name = Base; path = Base.lproj/Main.storyboard; sourceTree = "<group>"; };
		C9764A481F5C589C00C5B386 /* Assets.xcassets */ = {isa = PBXFileReference; lastKnownFileType = folder.assetcatalog; path = Assets.xcassets; sourceTree = "<group>"; };
		C9764A4B1F5C589C00C5B386 /* Base */ = {isa = PBXFileReference; lastKnownFileType = file.storyboard; name = Base; path = Base.lproj/LaunchScreen.storyboard; sourceTree = "<group>"; };
		C9764A4D1F5C589C00C5B386 /* Info.plist */ = {isa = PBXFileReference; lastKnownFileType = text.plist.xml; path = Info.plist; sourceTree = "<group>"; };
		C9764A521F5C589C00C5B386 /* PowrTests.xctest */ = {isa = PBXFileReference; explicitFileType = wrapper.cfbundle; includeInIndex = 0; path = PowrTests.xctest; sourceTree = BUILT_PRODUCTS_DIR; };
		C9764A561F5C589C00C5B386 /* PowrTests.m */ = {isa = PBXFileReference; lastKnownFileType = sourcecode.c.objc; path = PowrTests.m; sourceTree = "<group>"; };
		C9764A581F5C589C00C5B386 /* Info.plist */ = {isa = PBXFileReference; lastKnownFileType = text.plist.xml; path = Info.plist; sourceTree = "<group>"; };
		C9764A5D1F5C589C00C5B386 /* PowrUITests.xctest */ = {isa = PBXFileReference; explicitFileType = wrapper.cfbundle; includeInIndex = 0; path = PowrUITests.xctest; sourceTree = BUILT_PRODUCTS_DIR; };
		C9764A611F5C589C00C5B386 /* PowrUITests.m */ = {isa = PBXFileReference; lastKnownFileType = sourcecode.c.objc; path = PowrUITests.m; sourceTree = "<group>"; };
		C9764A631F5C589C00C5B386 /* Info.plist */ = {isa = PBXFileReference; lastKnownFileType = text.plist.xml; path = Info.plist; sourceTree = "<group>"; };
		C97A6D281F63ED8300ECE8A2 /* jsonViewController.h */ = {isa = PBXFileReference; fileEncoding = 4; lastKnownFileType = sourcecode.c.h; path = jsonViewController.h; sourceTree = "<group>"; };
		C97A6D291F63ED8300ECE8A2 /* jsonViewController.m */ = {isa = PBXFileReference; fileEncoding = 4; lastKnownFileType = sourcecode.c.objc; path = jsonViewController.m; sourceTree = "<group>"; };
		C97A6D2B1F63EDB000ECE8A2 /* xmlViewController.h */ = {isa = PBXFileReference; fileEncoding = 4; lastKnownFileType = sourcecode.c.h; path = xmlViewController.h; sourceTree = "<group>"; };
		C97A6D2C1F63EDB000ECE8A2 /* xmlViewController.m */ = {isa = PBXFileReference; fileEncoding = 4; lastKnownFileType = sourcecode.c.objc; path = xmlViewController.m; sourceTree = "<group>"; };
		C9CCE6921FA219D5007862F2 /* ConnectionViewController.h */ = {isa = PBXFileReference; fileEncoding = 4; lastKnownFileType = sourcecode.c.h; path = ConnectionViewController.h; sourceTree = "<group>"; };
		C9CCE6931FA219D5007862F2 /* ConnectionViewController.m */ = {isa = PBXFileReference; fileEncoding = 4; lastKnownFileType = sourcecode.c.objc; path = ConnectionViewController.m; sourceTree = "<group>"; };
		C9CCE6951FA22596007862F2 /* AnDownloader.h */ = {isa = PBXFileReference; fileEncoding = 4; lastKnownFileType = sourcecode.c.h; path = AnDownloader.h; sourceTree = "<group>"; };
		C9CCE6961FA22596007862F2 /* AnDownloader.m */ = {isa = PBXFileReference; fileEncoding = 4; lastKnownFileType = sourcecode.c.objc; path = AnDownloader.m; sourceTree = "<group>"; };
		C9CCE6981FA61135007862F2 /* AXDownloadManager.h */ = {isa = PBXFileReference; fileEncoding = 4; lastKnownFileType = sourcecode.c.h; path = AXDownloadManager.h; sourceTree = "<group>"; };
		C9CCE6991FA61135007862F2 /* AXDownloadManager.m */ = {isa = PBXFileReference; fileEncoding = 4; lastKnownFileType = sourcecode.c.objc; path = AXDownloadManager.m; sourceTree = "<group>"; };
		C9CCE69D1FA8B321007862F2 /* HttpsViewController.h */ = {isa = PBXFileReference; fileEncoding = 4; lastKnownFileType = sourcecode.c.h; path = HttpsViewController.h; sourceTree = "<group>"; };
		C9CCE69E1FA8B321007862F2 /* HttpsViewController.m */ = {isa = PBXFileReference; fileEncoding = 4; lastKnownFileType = sourcecode.c.objc; path = HttpsViewController.m; sourceTree = "<group>"; };
		C9D2259F1F876FC700BEA7B9 /* loginViewController.h */ = {isa = PBXFileReference; fileEncoding = 4; lastKnownFileType = sourcecode.c.h; path = loginViewController.h; sourceTree = "<group>"; };
		C9D225A01F876FC700BEA7B9 /* loginViewController.m */ = {isa = PBXFileReference; fileEncoding = 4; lastKnownFileType = sourcecode.c.objc; path = loginViewController.m; sourceTree = "<group>"; };
/* End PBXFileReference section */

/* Begin PBXFrameworksBuildPhase section */
		C9764A361F5C589B00C5B386 /* Frameworks */ = {
			isa = PBXFrameworksBuildPhase;
			buildActionMask = 2147483647;
			files = (
			);
			runOnlyForDeploymentPostprocessing = 0;
		};
		C9764A4F1F5C589C00C5B386 /* Frameworks */ = {
			isa = PBXFrameworksBuildPhase;
			buildActionMask = 2147483647;
			files = (
			);
			runOnlyForDeploymentPostprocessing = 0;
		};
		C9764A5A1F5C589C00C5B386 /* Frameworks */ = {
			isa = PBXFrameworksBuildPhase;
			buildActionMask = 2147483647;
			files = (
			);
			runOnlyForDeploymentPostprocessing = 0;
		};
/* End PBXFrameworksBuildPhase section */

/* Begin PBXGroup section */
		840A84DC1FD3FDBB0008DF0C /* DataBase */ = {
			isa = PBXGroup;
			children = (
				840A84DD1FD42F440008DF0C /* XmlBaseViewController.h */,
				840A84DE1FD42F440008DF0C /* XmlBaseViewController.m */,
				840A84E01FD4382D0008DF0C /* plistBaseViewController.h */,
				840A84E11FD4382D0008DF0C /* plistBaseViewController.m */,
				840A84E31FD4495D0008DF0C /* arichViewController.h */,
				840A84E41FD4495D0008DF0C /* arichViewController.m */,
				840A84E91FD44EE00008DF0C /* Teacher.h */,
				840A84EA1FD44EE00008DF0C /* Teacher.m */,
			);
			name = DataBase;
			sourceTree = "<group>";
		};
		843E499A1FFB5FAD001C5FFF /* 模型 */ = {
			isa = PBXGroup;
			children = (
				843E49A21FFB747F001C5FFF /* 自定义Cell */,
				843E499B1FFB5FBD001C5FFF /* 商品 */,
			);
			name = "模型";
			sourceTree = "<group>";
		};
		843E499B1FFB5FBD001C5FFF /* 商品 */ = {
			isa = PBXGroup;
			children = (
				843E499C1FFB6021001C5FFF /* AXFoodInfo.h */,
				843E499D1FFB6021001C5FFF /* AXFoodInfo.m */,
				843E499F1FFB6648001C5FFF /* AXFoodInfoVC.h */,
				843E49A01FFB6648001C5FFF /* AXFoodInfoVC.m */,
			);
			name = "商品";
			sourceTree = "<group>";
		};
		843E49A21FFB747F001C5FFF /* 自定义Cell */ = {
			isa = PBXGroup;
			children = (
				843E49A81FFB76DB001C5FFF /* foodsCell.h */,
				843E49A91FFB76DB001C5FFF /* foodsCell.m */,
				843E49AA1FFB76DB001C5FFF /* foodsCell.xib */,
				843E49AD1FFB7841001C5FFF /* foodsTableViewController.h */,
				843E49AE1FFB7841001C5FFF /* foodsTableViewController.m */,
			);
			name = "自定义Cell";
			sourceTree = "<group>";
		};
		8497B02F1FDE6E8D003F27DA /* Runtimer */ = {
			isa = PBXGroup;
			children = (
				8497B0301FDE6F87003F27DA /* NSURL+AXUrl.h */,
				8497B0311FDE6F87003F27DA /* NSURL+AXUrl.m */,
				8497B0331FDE6FCA003F27DA /* RuntimerViewController.h */,
				8497B0341FDE6FCA003F27DA /* RuntimerViewController.m */,
			);
			name = Runtimer;
			sourceTree = "<group>";
		};
		84AD4A751FDC18DD00A463CB /* NSRunLoop */ = {
			isa = PBXGroup;
			children = (
				84AD4A761FDC192100A463CB /* NSRunLoopViewController.h */,
				84AD4A771FDC192100A463CB /* NSRunLoopViewController.m */,
				84AD4A781FDC192100A463CB /* NSRunLoopViewController.xib */,
			);
			name = NSRunLoop;
			sourceTree = "<group>";
		};
		84C2125C1FDF8A31002274A5 /* Notification */ = {
			isa = PBXGroup;
			children = (
				84C2125D1FDF8A4C002274A5 /* workers.h */,
				84C2125E1FDF8A4C002274A5 /* workers.m */,
				84C212601FDF9AA4002274A5 /* NotificationViewController.h */,
				84C212611FDF9AA4002274A5 /* NotificationViewController.m */,
			);
			name = Notification;
			sourceTree = "<group>";
		};
		84C212631FDF9D79002274A5 /* KVC */ = {
			isa = PBXGroup;
			children = (
				84C212641FDF9DAD002274A5 /* KVCViewController.h */,
				84C212651FDF9DAD002274A5 /* KVCViewController.m */,
				84C212671FDF9DD4002274A5 /* person.h */,
				84C212681FDF9DD4002274A5 /* person.m */,
			);
			name = KVC;
			sourceTree = "<group>";
		};
		84C2126A1FDFA065002274A5 /* KVO */ = {
			isa = PBXGroup;
			children = (
				84C2126B1FDFA1C9002274A5 /* KVOViewController.h */,
				84C2126C1FDFA1C9002274A5 /* KVOViewController.m */,
				84C2126E1FDFA68A002274A5 /* Persons.h */,
				84C2126F1FDFA68A002274A5 /* Persons.m */,
			);
			name = KVO;
			sourceTree = "<group>";
		};
		84C212711FDFA921002274A5 /* Block */ = {
			isa = PBXGroup;
			children = (
				84C212721FDFA957002274A5 /* BlockViewController.h */,
				84C212731FDFA957002274A5 /* BlockViewController.m */,
			);
			name = Block;
			sourceTree = "<group>";
		};
		84C2DE711FEFF09600570024 /* PageView */ = {
			isa = PBXGroup;
			children = (
				84C2DE721FEFF0D800570024 /* PageViewController.h */,
				84C2DE731FEFF0D800570024 /* PageViewController.m */,
				84C2DE751FEFF0F300570024 /* pageView.h */,
				84C2DE761FEFF0F300570024 /* pageView.m */,
				84C2DE781FEFF24000570024 /* pageView.xib */,
			);
			name = PageView;
			sourceTree = "<group>";
		};
		84E632401FE018AE00770BD2 /* 底部导航 */ = {
			isa = PBXGroup;
			children = (
				84E632411FE0198600770BD2 /* BottomViewController.h */,
				84E632421FE0198600770BD2 /* BottomViewController.m */,
			);
			name = "底部导航";
			sourceTree = "<group>";
		};
		C9012CA61FAF55260020DAD9 /* WebDav */ = {
			isa = PBXGroup;
			children = (
				C9012CA71FAF55E90020DAD9 /* uploadViewController.h */,
				C9012CA81FAF55E90020DAD9 /* uploadViewController.m */,
			);
			name = WebDav;
			sourceTree = "<group>";
		};
		C928C65B1F8E65F5006A9D07 /* NSURLSession */ = {
			isa = PBXGroup;
			children = (
				C928C65C1F8E6631006A9D07 /* URLSessionViewController.h */,
				C928C65D1F8E6631006A9D07 /* URLSessionViewController.m */,
			);
			name = NSURLSession;
			sourceTree = "<group>";
		};
		C9764A301F5C589B00C5B386 = {
			isa = PBXGroup;
			children = (
				C9764A3B1F5C589B00C5B386 /* Powr */,
				C9764A551F5C589C00C5B386 /* PowrTests */,
				C9764A601F5C589C00C5B386 /* PowrUITests */,
				C9764A3A1F5C589B00C5B386 /* Products */,
			);
			sourceTree = "<group>";
		};
		C9764A3A1F5C589B00C5B386 /* Products */ = {
			isa = PBXGroup;
			children = (
				C9764A391F5C589B00C5B386 /* Powr.app */,
				C9764A521F5C589C00C5B386 /* PowrTests.xctest */,
				C9764A5D1F5C589C00C5B386 /* PowrUITests.xctest */,
			);
			name = Products;
			sourceTree = "<group>";
		};
		C9764A3B1F5C589B00C5B386 /* Powr */ = {
			isa = PBXGroup;
			children = (
				843E499A1FFB5FAD001C5FFF /* 模型 */,
				84C2DE711FEFF09600570024 /* PageView */,
				84E632401FE018AE00770BD2 /* 底部导航 */,
				84C212711FDFA921002274A5 /* Block */,
				84C2126A1FDFA065002274A5 /* KVO */,
				84C212631FDF9D79002274A5 /* KVC */,
				84C2125C1FDF8A31002274A5 /* Notification */,
				8497B02F1FDE6E8D003F27DA /* Runtimer */,
				84AD4A751FDC18DD00A463CB /* NSRunLoop */,
				840A84DC1FD3FDBB0008DF0C /* DataBase */,
				C9012CA61FAF55260020DAD9 /* WebDav */,
				C9CCE69C1FA8B2D7007862F2 /* Https */,
				C9CCE69B1FA8B2C9007862F2 /* New Group */,
				C9CCE6911FA2197C007862F2 /* NSURLConnection */,
				C928C65B1F8E65F5006A9D07 /* NSURLSession */,
				C9D2259E1F876F8900BEA7B9 /* password */,
				C97A6D211F63CFEE00ECE8A2 /* XML */,
				C9764A3F1F5C589B00C5B386 /* AppDelegate.h */,
				C9764A401F5C589B00C5B386 /* AppDelegate.m */,
				C9764A421F5C589B00C5B386 /* ViewController.h */,
				C9764A431F5C589B00C5B386 /* ViewController.m */,
				C9764A451F5C589C00C5B386 /* Main.storyboard */,
				C9764A481F5C589C00C5B386 /* Assets.xcassets */,
				C9764A4A1F5C589C00C5B386 /* LaunchScreen.storyboard */,
				C9764A4D1F5C589C00C5B386 /* Info.plist */,
				C9764A3C1F5C589B00C5B386 /* Supporting Files */,
			);
			path = Powr;
			sourceTree = "<group>";
		};
		C9764A3C1F5C589B00C5B386 /* Supporting Files */ = {
			isa = PBXGroup;
			children = (
				C9764A3D1F5C589B00C5B386 /* main.m */,
			);
			name = "Supporting Files";
			sourceTree = "<group>";
		};
		C9764A551F5C589C00C5B386 /* PowrTests */ = {
			isa = PBXGroup;
			children = (
				C9764A561F5C589C00C5B386 /* PowrTests.m */,
				C9764A581F5C589C00C5B386 /* Info.plist */,
			);
			path = PowrTests;
			sourceTree = "<group>";
		};
		C9764A601F5C589C00C5B386 /* PowrUITests */ = {
			isa = PBXGroup;
			children = (
				C9764A611F5C589C00C5B386 /* PowrUITests.m */,
				C9764A631F5C589C00C5B386 /* Info.plist */,
			);
			path = PowrUITests;
			sourceTree = "<group>";
		};
		C97A6D211F63CFEE00ECE8A2 /* XML */ = {
			isa = PBXGroup;
			children = (
				C97A6D281F63ED8300ECE8A2 /* jsonViewController.h */,
				C97A6D291F63ED8300ECE8A2 /* jsonViewController.m */,
				C97A6D2B1F63EDB000ECE8A2 /* xmlViewController.h */,
				C97A6D2C1F63EDB000ECE8A2 /* xmlViewController.m */,
			);
			name = XML;
			sourceTree = "<group>";
		};
		C9CCE6911FA2197C007862F2 /* NSURLConnection */ = {
			isa = PBXGroup;
			children = (
				C9CCE6921FA219D5007862F2 /* ConnectionViewController.h */,
				C9CCE6931FA219D5007862F2 /* ConnectionViewController.m */,
				C9CCE6951FA22596007862F2 /* AnDownloader.h */,
				C9CCE6961FA22596007862F2 /* AnDownloader.m */,
				C9CCE6981FA61135007862F2 /* AXDownloadManager.h */,
				C9CCE6991FA61135007862F2 /* AXDownloadManager.m */,
			);
			name = NSURLConnection;
			sourceTree = "<group>";
		};
		C9CCE69B1FA8B2C9007862F2 /* New Group */ = {
			isa = PBXGroup;
			children = (
			);
			name = "New Group";
			sourceTree = "<group>";
		};
		C9CCE69C1FA8B2D7007862F2 /* Https */ = {
			isa = PBXGroup;
			children = (
				C9CCE69D1FA8B321007862F2 /* HttpsViewController.h */,
				C9CCE69E1FA8B321007862F2 /* HttpsViewController.m */,
			);
			name = Https;
			sourceTree = "<group>";
		};
		C9D2259E1F876F8900BEA7B9 /* password */ = {
			isa = PBXGroup;
			children = (
				C9D2259F1F876FC700BEA7B9 /* loginViewController.h */,
				C9D225A01F876FC700BEA7B9 /* loginViewController.m */,
			);
			name = password;
			sourceTree = "<group>";
		};
/* End PBXGroup section */

/* Begin PBXNativeTarget section */
		C9764A381F5C589B00C5B386 /* Powr */ = {
			isa = PBXNativeTarget;
			buildConfigurationList = C9764A661F5C589C00C5B386 /* Build configuration list for PBXNativeTarget "Powr" */;
			buildPhases = (
				C9764A351F5C589B00C5B386 /* Sources */,
				C9764A361F5C589B00C5B386 /* Frameworks */,
				C9764A371F5C589B00C5B386 /* Resources */,
			);
			buildRules = (
			);
			dependencies = (
			);
			name = Powr;
			productName = Powr;
			productReference = C9764A391F5C589B00C5B386 /* Powr.app */;
			productType = "com.apple.product-type.application";
		};
		C9764A511F5C589C00C5B386 /* PowrTests */ = {
			isa = PBXNativeTarget;
			buildConfigurationList = C9764A691F5C589C00C5B386 /* Build configuration list for PBXNativeTarget "PowrTests" */;
			buildPhases = (
				C9764A4E1F5C589C00C5B386 /* Sources */,
				C9764A4F1F5C589C00C5B386 /* Frameworks */,
				C9764A501F5C589C00C5B386 /* Resources */,
			);
			buildRules = (
			);
			dependencies = (
				C9764A541F5C589C00C5B386 /* PBXTargetDependency */,
			);
			name = PowrTests;
			productName = PowrTests;
			productReference = C9764A521F5C589C00C5B386 /* PowrTests.xctest */;
			productType = "com.apple.product-type.bundle.unit-test";
		};
		C9764A5C1F5C589C00C5B386 /* PowrUITests */ = {
			isa = PBXNativeTarget;
			buildConfigurationList = C9764A6C1F5C589C00C5B386 /* Build configuration list for PBXNativeTarget "PowrUITests" */;
			buildPhases = (
				C9764A591F5C589C00C5B386 /* Sources */,
				C9764A5A1F5C589C00C5B386 /* Frameworks */,
				C9764A5B1F5C589C00C5B386 /* Resources */,
			);
			buildRules = (
			);
			dependencies = (
				C9764A5F1F5C589C00C5B386 /* PBXTargetDependency */,
			);
			name = PowrUITests;
			productName = PowrUITests;
			productReference = C9764A5D1F5C589C00C5B386 /* PowrUITests.xctest */;
			productType = "com.apple.product-type.bundle.ui-testing";
		};
/* End PBXNativeTarget section */

/* Begin PBXProject section */
		C9764A311F5C589B00C5B386 /* Project object */ = {
			isa = PBXProject;
			attributes = {
				LastUpgradeCheck = 0720;
				ORGANIZATIONNAME = "iOS _Liu";
				TargetAttributes = {
					C9764A381F5C589B00C5B386 = {
						CreatedOnToolsVersion = 7.2.1;
						DevelopmentTeam = 5VWKB576B7;
					};
					C9764A511F5C589C00C5B386 = {
						CreatedOnToolsVersion = 7.2.1;
						TestTargetID = C9764A381F5C589B00C5B386;
					};
					C9764A5C1F5C589C00C5B386 = {
						CreatedOnToolsVersion = 7.2.1;
						TestTargetID = C9764A381F5C589B00C5B386;
					};
				};
			};
			buildConfigurationList = C9764A341F5C589B00C5B386 /* Build configuration list for PBXProject "Powr" */;
			compatibilityVersion = "Xcode 3.2";
			developmentRegion = English;
			hasScannedForEncodings = 0;
			knownRegions = (
				en,
				Base,
			);
			mainGroup = C9764A301F5C589B00C5B386;
			productRefGroup = C9764A3A1F5C589B00C5B386 /* Products */;
			projectDirPath = "";
			projectRoot = "";
			targets = (
				C9764A381F5C589B00C5B386 /* Powr */,
				C9764A511F5C589C00C5B386 /* PowrTests */,
				C9764A5C1F5C589C00C5B386 /* PowrUITests */,
			);
		};
/* End PBXProject section */

/* Begin PBXResourcesBuildPhase section */
		C9764A371F5C589B00C5B386 /* Resources */ = {
			isa = PBXResourcesBuildPhase;
			buildActionMask = 2147483647;
			files = (
				84C2DE791FEFF24000570024 /* pageView.xib in Resources */,
				C9764A4C1F5C589C00C5B386 /* LaunchScreen.storyboard in Resources */,
				C9764A491F5C589C00C5B386 /* Assets.xcassets in Resources */,
				C9764A471F5C589C00C5B386 /* Main.storyboard in Resources */,
				84AD4A7A1FDC192100A463CB /* NSRunLoopViewController.xib in Resources */,
				843E49AC1FFB76DB001C5FFF /* foodsCell.xib in Resources */,
			);
			runOnlyForDeploymentPostprocessing = 0;
		};
		C9764A501F5C589C00C5B386 /* Resources */ = {
			isa = PBXResourcesBuildPhase;
			buildActionMask = 2147483647;
			files = (
			);
			runOnlyForDeploymentPostprocessing = 0;
		};
		C9764A5B1F5C589C00C5B386 /* Resources */ = {
			isa = PBXResourcesBuildPhase;
			buildActionMask = 2147483647;
			files = (
			);
			runOnlyForDeploymentPostprocessing = 0;
		};
/* End PBXResourcesBuildPhase section */

/* Begin PBXSourcesBuildPhase section */
		C9764A351F5C589B00C5B386 /* Sources */ = {
			isa = PBXSourcesBuildPhase;
			buildActionMask = 2147483647;
			files = (
				8497B0351FDE6FCA003F27DA /* RuntimerViewController.m in Sources */,
				843E49AB1FFB76DB001C5FFF /* foodsCell.m in Sources */,
				84C2125F1FDF8A4C002274A5 /* workers.m in Sources */,
				84C212691FDF9DD4002274A5 /* person.m in Sources */,
				840A84EB1FD44EE00008DF0C /* Teacher.m in Sources */,
				84C212741FDFA957002274A5 /* BlockViewController.m in Sources */,
				84C212661FDF9DAD002274A5 /* KVCViewController.m in Sources */,
				84C2126D1FDFA1C9002274A5 /* KVOViewController.m in Sources */,
				84C2DE771FEFF0F300570024 /* pageView.m in Sources */,
				84AD4A791FDC192100A463CB /* NSRunLoopViewController.m in Sources */,
				C9CCE69A1FA61135007862F2 /* AXDownloadManager.m in Sources */,
				C928C65E1F8E6631006A9D07 /* URLSessionViewController.m in Sources */,
				C9CCE6971FA22596007862F2 /* AnDownloader.m in Sources */,
				843E49A11FFB6648001C5FFF /* AXFoodInfoVC.m in Sources */,
				84C212701FDFA68A002274A5 /* Persons.m in Sources */,
				843E49AF1FFB7841001C5FFF /* foodsTableViewController.m in Sources */,
				C97A6D2A1F63ED8300ECE8A2 /* jsonViewController.m in Sources */,
				843E499E1FFB6021001C5FFF /* AXFoodInfo.m in Sources */,
				840A84E51FD4495D0008DF0C /* arichViewController.m in Sources */,
				C9764A441F5C589B00C5B386 /* ViewController.m in Sources */,
				C97A6D2D1F63EDB000ECE8A2 /* xmlViewController.m in Sources */,
				840A84E21FD4382D0008DF0C /* plistBaseViewController.m in Sources */,
				C9CCE6941FA219D5007862F2 /* ConnectionViewController.m in Sources */,
				C9CCE69F1FA8B321007862F2 /* HttpsViewController.m in Sources */,
				84C212621FDF9AA4002274A5 /* NotificationViewController.m in Sources */,
				840A84DF1FD42F440008DF0C /* XmlBaseViewController.m in Sources */,
				8497B0321FDE6F87003F27DA /* NSURL+AXUrl.m in Sources */,
				84E632431FE0198600770BD2 /* BottomViewController.m in Sources */,
				C9764A411F5C589B00C5B386 /* AppDelegate.m in Sources */,
				C9012CA91FAF55E90020DAD9 /* uploadViewController.m in Sources */,
				C9D225A11F876FC700BEA7B9 /* loginViewController.m in Sources */,
				C9764A3E1F5C589B00C5B386 /* main.m in Sources */,
				84C2DE741FEFF0D800570024 /* PageViewController.m in Sources */,
			);
			runOnlyForDeploymentPostprocessing = 0;
		};
		C9764A4E1F5C589C00C5B386 /* Sources */ = {
			isa = PBXSourcesBuildPhase;
			buildActionMask = 2147483647;
			files = (
				C9764A571F5C589C00C5B386 /* PowrTests.m in Sources */,
			);
			runOnlyForDeploymentPostprocessing = 0;
		};
		C9764A591F5C589C00C5B386 /* Sources */ = {
			isa = PBXSourcesBuildPhase;
			buildActionMask = 2147483647;
			files = (
				C9764A621F5C589C00C5B386 /* PowrUITests.m in Sources */,
			);
			runOnlyForDeploymentPostprocessing = 0;
		};
/* End PBXSourcesBuildPhase section */

/* Begin PBXTargetDependency section */
		C9764A541F5C589C00C5B386 /* PBXTargetDependency */ = {
			isa = PBXTargetDependency;
			target = C9764A381F5C589B00C5B386 /* Powr */;
			targetProxy = C9764A531F5C589C00C5B386 /* PBXContainerItemProxy */;
		};
		C9764A5F1F5C589C00C5B386 /* PBXTargetDependency */ = {
			isa = PBXTargetDependency;
			target = C9764A381F5C589B00C5B386 /* Powr */;
			targetProxy = C9764A5E1F5C589C00C5B386 /* PBXContainerItemProxy */;
		};
/* End PBXTargetDependency section */

/* Begin PBXVariantGroup section */
		C9764A451F5C589C00C5B386 /* Main.storyboard */ = {
			isa = PBXVariantGroup;
			children = (
				C9764A461F5C589C00C5B386 /* Base */,
			);
			name = Main.storyboard;
			sourceTree = "<group>";
		};
		C9764A4A1F5C589C00C5B386 /* LaunchScreen.storyboard */ = {
			isa = PBXVariantGroup;
			children = (
				C9764A4B1F5C589C00C5B386 /* Base */,
			);
			name = LaunchScreen.storyboard;
			sourceTree = "<group>";
		};
/* End PBXVariantGroup section */

/* Begin XCBuildConfiguration section */
		C9764A641F5C589C00C5B386 /* Debug */ = {
			isa = XCBuildConfiguration;
			buildSettings = {
				ALWAYS_SEARCH_USER_PATHS = NO;
				CLANG_CXX_LANGUAGE_STANDARD = "gnu++0x";
				CLANG_CXX_LIBRARY = "libc++";
				CLANG_ENABLE_MODULES = YES;
				CLANG_ENABLE_OBJC_ARC = YES;
				CLANG_WARN_BOOL_CONVERSION = YES;
				CLANG_WARN_CONSTANT_CONVERSION = YES;
				CLANG_WARN_DIRECT_OBJC_ISA_USAGE = YES_ERROR;
				CLANG_WARN_EMPTY_BODY = YES;
				CLANG_WARN_ENUM_CONVERSION = YES;
				CLANG_WARN_INT_CONVERSION = YES;
				CLANG_WARN_OBJC_ROOT_CLASS = YES_ERROR;
				CLANG_WARN_UNREACHABLE_CODE = YES;
				CLANG_WARN__DUPLICATE_METHOD_MATCH = YES;
				"CODE_SIGN_IDENTITY[sdk=iphoneos*]" = "iPhone Developer";
				COPY_PHASE_STRIP = NO;
				DEBUG_INFORMATION_FORMAT = dwarf;
				ENABLE_STRICT_OBJC_MSGSEND = YES;
				ENABLE_TESTABILITY = YES;
				GCC_C_LANGUAGE_STANDARD = gnu99;
				GCC_DYNAMIC_NO_PIC = NO;
				GCC_NO_COMMON_BLOCKS = YES;
				GCC_OPTIMIZATION_LEVEL = 0;
				GCC_PREPROCESSOR_DEFINITIONS = (
					"DEBUG=1",
					"$(inherited)",
				);
				GCC_WARN_64_TO_32_BIT_CONVERSION = YES;
				GCC_WARN_ABOUT_RETURN_TYPE = YES_ERROR;
				GCC_WARN_UNDECLARED_SELECTOR = YES;
				GCC_WARN_UNINITIALIZED_AUTOS = YES_AGGRESSIVE;
				GCC_WARN_UNUSED_FUNCTION = YES;
				GCC_WARN_UNUSED_VARIABLE = YES;
				IPHONEOS_DEPLOYMENT_TARGET = 9.2;
				MTL_ENABLE_DEBUG_INFO = YES;
				ONLY_ACTIVE_ARCH = YES;
				SDKROOT = iphoneos;
			};
			name = Debug;
		};
		C9764A651F5C589C00C5B386 /* Release */ = {
			isa = XCBuildConfiguration;
			buildSettings = {
				ALWAYS_SEARCH_USER_PATHS = NO;
				CLANG_CXX_LANGUAGE_STANDARD = "gnu++0x";
				CLANG_CXX_LIBRARY = "libc++";
				CLANG_ENABLE_MODULES = YES;
				CLANG_ENABLE_OBJC_ARC = YES;
				CLANG_WARN_BOOL_CONVERSION = YES;
				CLANG_WARN_CONSTANT_CONVERSION = YES;
				CLANG_WARN_DIRECT_OBJC_ISA_USAGE = YES_ERROR;
				CLANG_WARN_EMPTY_BODY = YES;
				CLANG_WARN_ENUM_CONVERSION = YES;
				CLANG_WARN_INT_CONVERSION = YES;
				CLANG_WARN_OBJC_ROOT_CLASS = YES_ERROR;
				CLANG_WARN_UNREACHABLE_CODE = YES;
				CLANG_WARN__DUPLICATE_METHOD_MATCH = YES;
				"CODE_SIGN_IDENTITY[sdk=iphoneos*]" = "iPhone Developer";
				COPY_PHASE_STRIP = NO;
				DEBUG_INFORMATION_FORMAT = "dwarf-with-dsym";
				ENABLE_NS_ASSERTIONS = NO;
				ENABLE_STRICT_OBJC_MSGSEND = YES;
				GCC_C_LANGUAGE_STANDARD = gnu99;
				GCC_NO_COMMON_BLOCKS = YES;
				GCC_WARN_64_TO_32_BIT_CONVERSION = YES;
				GCC_WARN_ABOUT_RETURN_TYPE = YES_ERROR;
				GCC_WARN_UNDECLARED_SELECTOR = YES;
				GCC_WARN_UNINITIALIZED_AUTOS = YES_AGGRESSIVE;
				GCC_WARN_UNUSED_FUNCTION = YES;
				GCC_WARN_UNUSED_VARIABLE = YES;
				IPHONEOS_DEPLOYMENT_TARGET = 9.2;
				MTL_ENABLE_DEBUG_INFO = NO;
				SDKROOT = iphoneos;
				VALIDATE_PRODUCT = YES;
			};
			name = Release;
		};
		C9764A671F5C589C00C5B386 /* Debug */ = {
			isa = XCBuildConfiguration;
			buildSettings = {
				ASSETCATALOG_COMPILER_APPICON_NAME = AppIcon;
				CODE_SIGN_IDENTITY = "iPhone Developer";
				INFOPLIST_FILE = Powr/Info.plist;
				IPHONEOS_DEPLOYMENT_TARGET = 11.0;
				LD_RUNPATH_SEARCH_PATHS = "$(inherited) @executable_path/Frameworks";
				PRODUCT_BUNDLE_IDENTIFIER = com.novagin.Powr;
				PRODUCT_NAME = "$(TARGET_NAME)";
			};
			name = Debug;
		};
		C9764A681F5C589C00C5B386 /* Release */ = {
			isa = XCBuildConfiguration;
			buildSettings = {
				ASSETCATALOG_COMPILER_APPICON_NAME = AppIcon;
				CODE_SIGN_IDENTITY = "iPhone Developer";
				INFOPLIST_FILE = Powr/Info.plist;
				IPHONEOS_DEPLOYMENT_TARGET = 11.0;
				LD_RUNPATH_SEARCH_PATHS = "$(inherited) @executable_path/Frameworks";
				PRODUCT_BUNDLE_IDENTIFIER = com.novagin.Powr;
				PRODUCT_NAME = "$(TARGET_NAME)";
			};
			name = Release;
		};
		C9764A6A1F5C589C00C5B386 /* Debug */ = {
			isa = XCBuildConfiguration;
			buildSettings = {
				BUNDLE_LOADER = "$(TEST_HOST)";
				INFOPLIST_FILE = PowrTests/Info.plist;
				LD_RUNPATH_SEARCH_PATHS = "$(inherited) @executable_path/Frameworks @loader_path/Frameworks";
				PRODUCT_BUNDLE_IDENTIFIER = com.novagin.PowrTests;
				PRODUCT_NAME = "$(TARGET_NAME)";
				TEST_HOST = "$(BUILT_PRODUCTS_DIR)/Powr.app/Powr";
			};
			name = Debug;
		};
		C9764A6B1F5C589C00C5B386 /* Release */ = {
			isa = XCBuildConfiguration;
			buildSettings = {
				BUNDLE_LOADER = "$(TEST_HOST)";
				INFOPLIST_FILE = PowrTests/Info.plist;
				LD_RUNPATH_SEARCH_PATHS = "$(inherited) @executable_path/Frameworks @loader_path/Frameworks";
				PRODUCT_BUNDLE_IDENTIFIER = com.novagin.PowrTests;
				PRODUCT_NAME = "$(TARGET_NAME)";
				TEST_HOST = "$(BUILT_PRODUCTS_DIR)/Powr.app/Powr";
			};
			name = Release;
		};
		C9764A6D1F5C589C00C5B386 /* Debug */ = {
			isa = XCBuildConfiguration;
			buildSettings = {
				INFOPLIST_FILE = PowrUITests/Info.plist;
				LD_RUNPATH_SEARCH_PATHS = "$(inherited) @executable_path/Frameworks @loader_path/Frameworks";
				PRODUCT_BUNDLE_IDENTIFIER = com.novagin.PowrUITests;
				PRODUCT_NAME = "$(TARGET_NAME)";
				TEST_TARGET_NAME = Powr;
				USES_XCTRUNNER = YES;
			};
			name = Debug;
		};
		C9764A6E1F5C589C00C5B386 /* Release */ = {
			isa = XCBuildConfiguration;
			buildSettings = {
				INFOPLIST_FILE = PowrUITests/Info.plist;
				LD_RUNPATH_SEARCH_PATHS = "$(inherited) @executable_path/Frameworks @loader_path/Frameworks";
				PRODUCT_BUNDLE_IDENTIFIER = com.novagin.PowrUITests;
				PRODUCT_NAME = "$(TARGET_NAME)";
				TEST_TARGET_NAME = Powr;
				USES_XCTRUNNER = YES;
			};
			name = Release;
		};
/* End XCBuildConfiguration section */

/* Begin XCConfigurationList section */
		C9764A341F5C589B00C5B386 /* Build configuration list for PBXProject "Powr" */ = {
			isa = XCConfigurationList;
			buildConfigurations = (
				C9764A641F5C589C00C5B386 /* Debug */,
				C9764A651F5C589C00C5B386 /* Release */,
			);
			defaultConfigurationIsVisible = 0;
			defaultConfigurationName = Release;
		};
		C9764A661F5C589C00C5B386 /* Build configuration list for PBXNativeTarget "Powr" */ = {
			isa = XCConfigurationList;
			buildConfigurations = (
				C9764A671F5C589C00C5B386 /* Debug */,
				C9764A681F5C589C00C5B386 /* Release */,
			);
			defaultConfigurationIsVisible = 0;
			defaultConfigurationName = Release;
		};
		C9764A691F5C589C00C5B386 /* Build configuration list for PBXNativeTarget "PowrTests" */ = {
			isa = XCConfigurationList;
			buildConfigurations = (
				C9764A6A1F5C589C00C5B386 /* Debug */,
				C9764A6B1F5C589C00C5B386 /* Release */,
			);
			defaultConfigurationIsVisible = 0;
			defaultConfigurationName = Release;
		};
		C9764A6C1F5C589C00C5B386 /* Build configuration list for PBXNativeTarget "PowrUITests" */ = {
			isa = XCConfigurationList;
			buildConfigurations = (
				C9764A6D1F5C589C00C5B386 /* Debug */,
				C9764A6E1F5C589C00C5B386 /* Release */,
			);
			defaultConfigurationIsVisible = 0;
			defaultConfigurationName = Release;
		};
/* End XCConfigurationList section */
	};
	rootObject = C9764A311F5C589B00C5B386 /* Project object */;
}
